
Microsoft Visual Studio Solution File, Format Version 12.00
# Visual Studio Version 16
VisualStudioVersion = 16.0.32002.261
MinimumVisualStudioVersion = 10.0.40219.1
Project("{9A19103F-16F7-4668-BE54-9A1E7A4F7556}") = "Mission2HW", "Mission2HW\Mission2HW.csproj", "{02096790-B962-46D6-882F-173A3339E8E8}"
EndProject
Global
	GlobalSection(SolutionConfigurationPlatforms) = preSolution
		Debug|Any CPU = Debug|Any CPU
		Release|Any CPU = Release|Any CPU
	EndGlobalSection
	GlobalSection(ProjectConfigurationPlatforms) = postSolution
		{02096790-B962-46D6-882F-173A3339E8E8}.Debug|Any CPU.ActiveCfg = Debug|Any CPU
		{02096790-B962-46D6-882F-173A3339E8E8}.Debug|Any CPU.Build.0 = Debug|Any CPU
		{02096790-B962-46D6-882F-173A3339E8E8}.Release|Any CPU.ActiveCfg = Release|Any CPU
		{02096790-B962-46D6-882F-173A3339E8E8}.Release|Any CPU.Build.0 = Release|Any CPU
	EndGlobalSection
	GlobalSection(SolutionProperties) = preSolution
		HideSolutionNode = FALSE
	EndGlobalSection
	GlobalSection(ExtensibilityGlobals) = postSolution
		SolutionGuid = {81878211-7641-410C-8006-F1ACC005FA01}
	EndGlobalSection
EndGlobal
